{
  "name": "test-relaying-party",
  "version": "1.0.0",
  "lockfileVersion": 3,
  "requires": true,
  "packages": {
    "": {
      "name": "test-relaying-party",
      "version": "1.0.0",
      "license": "ISC",
      "dependencies": {
        "fido2-lib": "^3.4.1"
      }
    },
    "node_modules/@cbor-extract/cbor-extract-darwin-arm64": {
      "version": "2.1.1",
      "resolved": "https://registry.npmjs.org/@cbor-extract/cbor-extract-darwin-arm64/-/cbor-extract-darwin-arm64-2.1.1.tgz",
      "integrity": "sha512-blVBy5MXz6m36Vx0DfLd7PChOQKEs8lK2bD1WJn/vVgG4FXZiZmZb2GECHFvVPA5T7OnODd9xZiL3nMCv6QUhA==",
      "cpu": [
        "arm64"
      ],
      "optional": true,
      "os": [
        "darwin"
      ]
    },
    "node_modules/@cbor-extract/cbor-extract-darwin-x64": {
      "version": "2.1.1",
      "resolved": "https://registry.npmjs.org/@cbor-extract/cbor-extract-darwin-x64/-/cbor-extract-darwin-x64-2.1.1.tgz",
      "integrity": "sha512-h6KFOzqk8jXTvkOftyRIWGrd7sKQzQv2jVdTL9nKSf3D2drCvQB/LHUxAOpPXo3pv2clDtKs3xnHalpEh3rDsw==",
      "cpu": [
        "x64"
      ],
      "optional": true,
      "os": [
        "darwin"
      ]
    },
    "node_modules/@cbor-extract/cbor-extract-linux-arm": {
      "version": "2.1.1",
      "resolved": "https://registry.npmjs.org/@cbor-extract/cbor-extract-linux-arm/-/cbor-extract-linux-arm-2.1.1.tgz",
      "integrity": "sha512-ds0uikdcIGUjPyraV4oJqyVE5gl/qYBpa/Wnh6l6xLE2lj/hwnjT2XcZCChdXwW/YFZ1LUHs6waoYN8PmK0nKQ==",
      "cpu": [
        "arm"
      ],
      "optional": true,
      "os": [
        "linux"
      ]
    },
    "node_modules/@cbor-extract/cbor-extract-linux-arm64": {
      "version": "2.1.1",
      "resolved": "https://registry.npmjs.org/@cbor-extract/cbor-extract-linux-arm64/-/cbor-extract-linux-arm64-2.1.1.tgz",
      "integrity": "sha512-SxAaRcYf8S0QHaMc7gvRSiTSr7nUYMqbUdErBEu+HYA4Q6UNydx1VwFE68hGcp1qvxcy9yT5U7gA+a5XikfwSQ==",
      "cpu": [
        "arm64"
      ],
      "optional": true,
      "os": [
        "linux"
      ]
    },
    "node_modules/@cbor-extract/cbor-extract-linux-x64": {
      "version": "2.1.1",
      "resolved": "https://registry.npmjs.org/@cbor-extract/cbor-extract-linux-x64/-/cbor-extract-linux-x64-2.1.1.tgz",
      "integrity": "sha512-GVK+8fNIE9lJQHAlhOROYiI0Yd4bAZ4u++C2ZjlkS3YmO6hi+FUxe6Dqm+OKWTcMpL/l71N6CQAmaRcb4zyJuA==",
      "cpu": [
        "x64"
      ],
      "optional": true,
      "os": [
        "linux"
      ]
    },
    "node_modules/@cbor-extract/cbor-extract-win32-x64": {
      "version": "2.1.1",
      "resolved": "https://registry.npmjs.org/@cbor-extract/cbor-extract-win32-x64/-/cbor-extract-win32-x64-2.1.1.tgz",
      "integrity": "sha512-2Niq1C41dCRIDeD8LddiH+mxGlO7HJ612Ll3D/E73ZWBmycued+8ghTr/Ho3CMOWPUEr08XtyBMVXAjqF+TcKw==",
      "cpu": [
        "x64"
      ],
      "optional": true,
      "os": [
        "win32"
      ]
    },
    "node_modules/@hexagon/base64": {
      "version": "1.1.27",
      "resolved": "https://registry.npmjs.org/@hexagon/base64/-/base64-1.1.27.tgz",
      "integrity": "sha512-PdUmzpvcUM3Rh39kvz9RdbPVYhMjBjdV7Suw7ZduP7urRLsZR8l5tzgSWKm7TExwBYDFwTnYrZbnE0rQ3N5NLQ=="
    },
    "node_modules/@peculiar/asn1-schema": {
      "version": "2.3.6",
      "resolved": "https://registry.npmjs.org/@peculiar/asn1-schema/-/asn1-schema-2.3.6.tgz",
      "integrity": "sha512-izNRxPoaeJeg/AyH8hER6s+H7p4itk+03QCa4sbxI3lNdseQYCuxzgsuNK8bTXChtLTjpJz6NmXKA73qLa3rCA==",
      "dependencies": {
        "asn1js": "^3.0.5",
        "pvtsutils": "^1.3.2",
        "tslib": "^2.4.0"
      }
    },
    "node_modules/@peculiar/json-schema": {
      "version": "1.1.12",
      "resolved": "https://registry.npmjs.org/@peculiar/json-schema/-/json-schema-1.1.12.tgz",
      "integrity": "sha512-coUfuoMeIB7B8/NMekxaDzLhaYmp0HZNPEjYRm9goRou8UZIC3z21s0sL9AWoCw4EG876QyO3kYrc61WNF9B/w==",
      "dependencies": {
        "tslib": "^2.0.0"
      },
      "engines": {
        "node": ">=8.0.0"
      }
    },
    "node_modules/@peculiar/webcrypto": {
      "version": "1.4.3",
      "resolved": "https://registry.npmjs.org/@peculiar/webcrypto/-/webcrypto-1.4.3.tgz",
      "integrity": "sha512-VtaY4spKTdN5LjJ04im/d/joXuvLbQdgy5Z4DXF4MFZhQ+MTrejbNMkfZBp1Bs3O5+bFqnJgyGdPuZQflvIa5A==",
      "dependencies": {
        "@peculiar/asn1-schema": "^2.3.6",
        "@peculiar/json-schema": "^1.1.12",
        "pvtsutils": "^1.3.2",
        "tslib": "^2.5.0",
        "webcrypto-core": "^1.7.7"
      },
      "engines": {
        "node": ">=10.12.0"
      }
    },
    "node_modules/asn1js": {
      "version": "3.0.5",
      "resolved": "https://registry.npmjs.org/asn1js/-/asn1js-3.0.5.tgz",
      "integrity": "sha512-FVnvrKJwpt9LP2lAMl8qZswRNm3T4q9CON+bxldk2iwk3FFpuwhx2FfinyitizWHsVYyaY+y5JzDR0rCMV5yTQ==",
      "dependencies": {
        "pvtsutils": "^1.3.2",
        "pvutils": "^1.1.3",
        "tslib": "^2.4.0"
      },
      "engines": {
        "node": ">=12.0.0"
      }
    },
    "node_modules/bytestreamjs": {
      "version": "2.0.1",
      "resolved": "https://registry.npmjs.org/bytestreamjs/-/bytestreamjs-2.0.1.tgz",
      "integrity": "sha512-U1Z/ob71V/bXfVABvNr/Kumf5VyeQRBEm6Txb0PQ6S7V5GpBM3w4Cbqz/xPDicR5tN0uvDifng8C+5qECeGwyQ==",
      "engines": {
        "node": ">=6.0.0"
      }
    },
    "node_modules/cbor-extract": {
      "version": "2.1.1",
      "resolved": "https://registry.npmjs.org/cbor-extract/-/cbor-extract-2.1.1.tgz",
      "integrity": "sha512-1UX977+L+zOJHsp0mWFG13GLwO6ucKgSmSW6JTl8B9GUvACvHeIVpFqhU92299Z6PfD09aTXDell5p+lp1rUFA==",
      "hasInstallScript": true,
      "optional": true,
      "dependencies": {
        "node-gyp-build-optional-packages": "5.0.3"
      },
      "bin": {
        "download-cbor-prebuilds": "bin/download-prebuilds.js"
      },
      "optionalDependencies": {
        "@cbor-extract/cbor-extract-darwin-arm64": "2.1.1",
        "@cbor-extract/cbor-extract-darwin-x64": "2.1.1",
        "@cbor-extract/cbor-extract-linux-arm": "2.1.1",
        "@cbor-extract/cbor-extract-linux-arm64": "2.1.1",
        "@cbor-extract/cbor-extract-linux-x64": "2.1.1",
        "@cbor-extract/cbor-extract-win32-x64": "2.1.1"
      }
    },
    "node_modules/cbor-x": {
      "version": "1.5.3",
      "resolved": "https://registry.npmjs.org/cbor-x/-/cbor-x-1.5.3.tgz",
      "integrity": "sha512-adrN0S67C7jY2hgqeGcw+Uj6iEGLQa5D/p6/9YNl5AaVIYJaJz/bARfWsP8UikBZWbhS27LN0DJK4531vo9ODw==",
      "optionalDependencies": {
        "cbor-extract": "^2.1.1"
      }
    },
    "node_modules/fido2-lib": {
      "version": "3.4.1",
      "resolved": "https://registry.npmjs.org/fido2-lib/-/fido2-lib-3.4.1.tgz",
      "integrity": "sha512-efNrRbckp48AW7Q43o6gcp8/wnoBM7hwKikQntdiR2/NqVMPaCXFQs8kJ9wQqfv5V3PxZdg4kD9DpxdqYl6jxQ==",
      "dependencies": {
        "@hexagon/base64": "~1.1.26",
        "@peculiar/webcrypto": "~1.4.3",
        "asn1js": "~3.0.2",
        "cbor-x": "~1.5.3",
        "jose": "^4.14.4",
        "pkijs": "~3.0.15",
        "tldts": "~6.0.5"
      },
      "engines": {
        "node": ">=10"
      }
    },
    "node_modules/jose": {
      "version": "4.14.4",
      "resolved": "https://registry.npmjs.org/jose/-/jose-4.14.4.tgz",
      "integrity": "sha512-j8GhLiKmUAh+dsFXlX1aJCbt5KMibuKb+d7j1JaOJG6s2UjX1PQlW+OKB/sD4a/5ZYF4RcmYmLSndOoU3Lt/3g==",
      "funding": {
        "url": "https://github.com/sponsors/panva"
      }
    },
    "node_modules/node-gyp-build-optional-packages": {
      "version": "5.0.3",
      "resolved": "https://registry.npmjs.org/node-gyp-build-optional-packages/-/node-gyp-build-optional-packages-5.0.3.tgz",
      "integrity": "sha512-k75jcVzk5wnnc/FMxsf4udAoTEUv2jY3ycfdSd3yWu6Cnd1oee6/CfZJApyscA4FJOmdoixWwiwOyf16RzD5JA==",
      "optional": true,
      "bin": {
        "node-gyp-build-optional-packages": "bin.js",
        "node-gyp-build-optional-packages-optional": "optional.js",
        "node-gyp-build-optional-packages-test": "build-test.js"
      }
    },
    "node_modules/pkijs": {
      "version": "3.0.15",
      "resolved": "https://registry.npmjs.org/pkijs/-/pkijs-3.0.15.tgz",
      "integrity": "sha512-n7nAl9JpqdeQsjy+rPmswkmZ3oO/Fu5uN9me45PPQVdWjd0X7HKfL8+HYwfxihqoDSSPUIajkOcqFxEUxMqhwQ==",
      "dependencies": {
        "asn1js": "^3.0.5",
        "bytestreamjs": "^2.0.0",
        "pvtsutils": "^1.3.2",
        "pvutils": "^1.1.3",
        "tslib": "^2.4.0"
      },
      "engines": {
        "node": ">=12.0.0"
      }
    },
    "node_modules/pvtsutils": {
      "version": "1.3.3",
      "resolved": "https://registry.npmjs.org/pvtsutils/-/pvtsutils-1.3.3.tgz",
      "integrity": "sha512-6sAOMlXyrJ+8tRN5IAaYfuYZRp1C2uJ0SyDynEFxL+VY8kCRib9Lpj/+KPaNFpaQWr/iRik5nrzz6iaNlxgEGA==",
      "dependencies": {
        "tslib": "^2.6.1"
      }
    },
    "node_modules/pvutils": {
      "version": "1.1.3",
      "resolved": "https://registry.npmjs.org/pvutils/-/pvutils-1.1.3.tgz",
      "integrity": "sha512-pMpnA0qRdFp32b1sJl1wOJNxZLQ2cbQx+k6tjNtZ8CpvVhNqEPRgivZ2WOUev2YMajecdH7ctUPDvEe87nariQ==",
      "engines": {
        "node": ">=6.0.0"
      }
    },
    "node_modules/tldts": {
      "version": "6.0.13",
      "resolved": "https://registry.npmjs.org/tldts/-/tldts-6.0.13.tgz",
      "integrity": "sha512-9v+ZsSU8yBywX6RjT6/pNmwPzTVIeIi7sEiaFDhgsbXZRtvKKrWSiP4K0NTLm1rEvlfKYM24wxxcq7wMr4JRDA==",
      "dependencies": {
        "tldts-core": "^6.0.13"
      },
      "bin": {
        "tldts": "bin/cli.js"
      }
    },
    "node_modules/tldts-core": {
      "version": "6.0.13",
      "resolved": "https://registry.npmjs.org/tldts-core/-/tldts-core-6.0.13.tgz",
      "integrity": "sha512-LcXhi9dyMeMBTMhpOSUUG4QwiMSADkcdmTg59rXkQyxoWTnyXgvpzoqJGvrhWTDwcs2NseybtqDTA6TWZgNxOA=="
    },
    "node_modules/tslib": {
      "version": "2.6.1",
      "resolved": "https://registry.npmjs.org/tslib/-/tslib-2.6.1.tgz",
      "integrity": "sha512-t0hLfiEKfMUoqhG+U1oid7Pva4bbDPHYfJNiB7BiIjRkj1pyC++4N3huJfqY6aRH6VTB0rvtzQwjM4K6qpfOig=="
    },
    "node_modules/webcrypto-core": {
      "version": "1.7.7",
      "resolved": "https://registry.npmjs.org/webcrypto-core/-/webcrypto-core-1.7.7.tgz",
      "integrity": "sha512-7FjigXNsBfopEj+5DV2nhNpfic2vumtjjgPmeDKk45z+MJwXKKfhPB7118Pfzrmh4jqOMST6Ch37iPAHoImg5g==",
      "dependencies": {
        "@peculiar/asn1-schema": "^2.3.6",
        "@peculiar/json-schema": "^1.1.12",
        "asn1js": "^3.0.1",
        "pvtsutils": "^1.3.2",
        "tslib": "^2.4.0"
      }
    }
  }
}
